
Microsoft Visual Studio Solution File, Format Version 12.00
# Visual Studio Version 16
VisualStudioVersion = 25.0.1706.11
MinimumVisualStudioVersion = 10.0.40219.1
Project("{FAE04EC0-301F-11D3-BF4B-00C04F79EFBC}") = "Curs11T", "Curs11T.csproj", "{DEE020EC-E8C9-4DE5-9091-6BBB334D9A7C}"
EndProject
Global
	GlobalSection(SolutionConfigurationPlatforms) = preSolution
		Debug|Any CPU = Debug|Any CPU
		Release|Any CPU = Release|Any CPU
	EndGlobalSection
	GlobalSection(ProjectConfigurationPlatforms) = postSolution
		{DEE020EC-E8C9-4DE5-9091-6BBB334D9A7C}.Debug|Any CPU.ActiveCfg = Debug|Any CPU
		{DEE020EC-E8C9-4DE5-9091-6BBB334D9A7C}.Debug|Any CPU.Build.0 = Debug|Any CPU
		{DEE020EC-E8C9-4DE5-9091-6BBB334D9A7C}.Release|Any CPU.ActiveCfg = Release|Any CPU
		{DEE020EC-E8C9-4DE5-9091-6BBB334D9A7C}.Release|Any CPU.Build.0 = Release|Any CPU
	EndGlobalSection
	GlobalSection(SolutionProperties) = preSolution
		HideSolutionNode = FALSE
	EndGlobalSection
	GlobalSection(ExtensibilityGlobals) = postSolution
		SolutionGuid = {675A489A-6713-453E-8BAF-C6ED59F7DDF1}
	EndGlobalSection
EndGlobal
